
Microsoft Visual Studio Solution File, Format Version 12.00
# Visual Studio Version 17
VisualStudioVersion = 17.9.34723.18
MinimumVisualStudioVersion = 10.0.40219.1
Project("{9A19103F-16F7-4668-BE54-9A1E7A4F7556}") = "Caching.InMemoryCache", "Caching.MemoryCache\Caching.InMemoryCache.csproj", "{7CE9D85B-B6B2-4439-A46E-7BFED5B72E10}"
EndProject
Project("{9A19103F-16F7-4668-BE54-9A1E7A4F7556}") = "Cachine.InMemoryCacheTests", "Cachine.InMemoryCacheTests\Cachine.InMemoryCacheTests.csproj", "{E6CF068C-EF94-441A-87F4-A28C5232A742}"
EndProject
Global
	GlobalSection(SolutionConfigurationPlatforms) = preSolution
		Debug|Any CPU = Debug|Any CPU
		Release|Any CPU = Release|Any CPU
	EndGlobalSection
	GlobalSection(ProjectConfigurationPlatforms) = postSolution
		{7CE9D85B-B6B2-4439-A46E-7BFED5B72E10}.Debug|Any CPU.ActiveCfg = Debug|Any CPU
		{7CE9D85B-B6B2-4439-A46E-7BFED5B72E10}.Debug|Any CPU.Build.0 = Debug|Any CPU
		{7CE9D85B-B6B2-4439-A46E-7BFED5B72E10}.Release|Any CPU.ActiveCfg = Release|Any CPU
		{7CE9D85B-B6B2-4439-A46E-7BFED5B72E10}.Release|Any CPU.Build.0 = Release|Any CPU
		{E6CF068C-EF94-441A-87F4-A28C5232A742}.Debug|Any CPU.ActiveCfg = Debug|Any CPU
		{E6CF068C-EF94-441A-87F4-A28C5232A742}.Debug|Any CPU.Build.0 = Debug|Any CPU
		{E6CF068C-EF94-441A-87F4-A28C5232A742}.Release|Any CPU.ActiveCfg = Release|Any CPU
		{E6CF068C-EF94-441A-87F4-A28C5232A742}.Release|Any CPU.Build.0 = Release|Any CPU
	EndGlobalSection
	GlobalSection(SolutionProperties) = preSolution
		HideSolutionNode = FALSE
	EndGlobalSection
	GlobalSection(ExtensibilityGlobals) = postSolution
		SolutionGuid = {45DCF578-DFB5-41CE-954B-C5F7144DBAE3}
	EndGlobalSection
EndGlobal
